
Microsoft Visual Studio Solution File, Format Version 12.00
# Visual Studio Version 16
VisualStudioVersion = 16.0.32929.386
MinimumVisualStudioVersion = 10.0.40219.1
Project("{FAE04EC0-301F-11D3-BF4B-00C04F79EFBC}") = "MatchingGameKarasev", "MatchingGameKarasev.csproj", "{F355844B-C0BB-466C-80F2-FBDC15977721}"
EndProject
Global
	GlobalSection(SolutionConfigurationPlatforms) = preSolution
		Debug|Any CPU = Debug|Any CPU
		Release|Any CPU = Release|Any CPU
	EndGlobalSection
	GlobalSection(ProjectConfigurationPlatforms) = postSolution
		{F355844B-C0BB-466C-80F2-FBDC15977721}.Debug|Any CPU.ActiveCfg = Debug|Any CPU
		{F355844B-C0BB-466C-80F2-FBDC15977721}.Debug|Any CPU.Build.0 = Debug|Any CPU
		{F355844B-C0BB-466C-80F2-FBDC15977721}.Release|Any CPU.ActiveCfg = Release|Any CPU
		{F355844B-C0BB-466C-80F2-FBDC15977721}.Release|Any CPU.Build.0 = Release|Any CPU
	EndGlobalSection
	GlobalSection(SolutionProperties) = preSolution
		HideSolutionNode = FALSE
	EndGlobalSection
	GlobalSection(ExtensibilityGlobals) = postSolution
		SolutionGuid = {C3149B9E-9A3A-48E0-989B-B038BA779EC5}
	EndGlobalSection
EndGlobal
